
Microsoft Visual Studio Solution File, Format Version 12.00
# Visual Studio Version 17
VisualStudioVersion = 17.11.35312.102
MinimumVisualStudioVersion = 10.0.40219.1
Project("{FAE04EC0-301F-11D3-BF4B-00C04F79EFBC}") = "PeerLendingFE", "PeerLendingFE\PeerLendingFE.csproj", "{B9C080FA-E894-4C35-A2E6-3ABCA728CA10}"
EndProject
Global
	GlobalSection(SolutionConfigurationPlatforms) = preSolution
		Debug|Any CPU = Debug|Any CPU
		Release|Any CPU = Release|Any CPU
	EndGlobalSection
	GlobalSection(ProjectConfigurationPlatforms) = postSolution
		{B9C080FA-E894-4C35-A2E6-3ABCA728CA10}.Debug|Any CPU.ActiveCfg = Debug|Any CPU
		{B9C080FA-E894-4C35-A2E6-3ABCA728CA10}.Debug|Any CPU.Build.0 = Debug|Any CPU
		{B9C080FA-E894-4C35-A2E6-3ABCA728CA10}.Release|Any CPU.ActiveCfg = Release|Any CPU
		{B9C080FA-E894-4C35-A2E6-3ABCA728CA10}.Release|Any CPU.Build.0 = Release|Any CPU
	EndGlobalSection
	GlobalSection(SolutionProperties) = preSolution
		HideSolutionNode = FALSE
	EndGlobalSection
	GlobalSection(ExtensibilityGlobals) = postSolution
		SolutionGuid = {5340B9E1-3500-422A-9B70-A7E624B3E51C}
	EndGlobalSection
EndGlobal
